// !$*UTF8*$!
{
	archiveVersion = 1;
	classes = {
	};
	objectVersion = 46;
	objects = {

/* Begin PBXBuildFile section */
		8B4399181D757735003F8DF8 /* main.m in Sources */ = {isa = PBXBuildFile; fileRef = 8B4399171D757735003F8DF8 /* main.m */; };
		8B43991B1D757735003F8DF8 /* AppDelegate.m in Sources */ = {isa = PBXBuildFile; fileRef = 8B43991A1D757735003F8DF8 /* AppDelegate.m */; };
		8B43991E1D757735003F8DF8 /* ViewController.m in Sources */ = {isa = PBXBuildFile; fileRef = 8B43991D1D757735003F8DF8 /* ViewController.m */; };
		8B4399211D757735003F8DF8 /* Main.storyboard in Resources */ = {isa = PBXBuildFile; fileRef = 8B43991F1D757735003F8DF8 /* Main.storyboard */; };
		8B4399231D757735003F8DF8 /* Assets.xcassets in Resources */ = {isa = PBXBuildFile; fileRef = 8B4399221D757735003F8DF8 /* Assets.xcassets */; };
		8B4399261D757735003F8DF8 /* LaunchScreen.storyboard in Resources */ = {isa = PBXBuildFile; fileRef = 8B4399241D757735003F8DF8 /* LaunchScreen.storyboard */; };
		8B4399311D757736003F8DF8 /* GetInformationFromPhotoTests.m in Sources */ = {isa = PBXBuildFile; fileRef = 8B4399301D757736003F8DF8 /* GetInformationFromPhotoTests.m */; };
		8B43993C1D757736003F8DF8 /* GetInformationFromPhotoUITests.m in Sources */ = {isa = PBXBuildFile; fileRef = 8B43993B1D757736003F8DF8 /* GetInformationFromPhotoUITests.m */; };
		8B4399521D757E9B003F8DF8 /* LLHGetImageInfoManager.m in Sources */ = {isa = PBXBuildFile; fileRef = 8B4399511D757E9B003F8DF8 /* LLHGetImageInfoManager.m */; };
		8BF531201D76CCA600A8B52D /* IMG_0002.JPG in Resources */ = {isa = PBXBuildFile; fileRef = 8BF5311F1D76CCA600A8B52D /* IMG_0002.JPG */; };
/* End PBXBuildFile section */

/* Begin PBXContainerItemProxy section */
		8B43992D1D757736003F8DF8 /* PBXContainerItemProxy */ = {
			isa = PBXContainerItemProxy;
			containerPortal = 8B43990B1D757735003F8DF8 /* Project object */;
			proxyType = 1;
			remoteGlobalIDString = 8B4399121D757735003F8DF8;
			remoteInfo = GetInformationFromPhoto;
		};
		8B4399381D757736003F8DF8 /* PBXContainerItemProxy */ = {
			isa = PBXContainerItemProxy;
			containerPortal = 8B43990B1D757735003F8DF8 /* Project object */;
			proxyType = 1;
			remoteGlobalIDString = 8B4399121D757735003F8DF8;
			remoteInfo = GetInformationFromPhoto;
		};
/* End PBXContainerItemProxy section */

/* Begin PBXFileReference section */
		8B4399131D757735003F8DF8 /* GetInformationFromPhoto.app */ = {isa = PBXFileReference; explicitFileType = wrapper.application; includeInIndex = 0; path = GetInformationFromPhoto.app; sourceTree = BUILT_PRODUCTS_DIR; };
		8B4399171D757735003F8DF8 /* main.m */ = {isa = PBXFileReference; lastKnownFileType = sourcecode.c.objc; path = main.m; sourceTree = "<group>"; };
		8B4399191D757735003F8DF8 /* AppDelegate.h */ = {isa = PBXFileReference; lastKnownFileType = sourcecode.c.h; path = AppDelegate.h; sourceTree = "<group>"; };
		8B43991A1D757735003F8DF8 /* AppDelegate.m */ = {isa = PBXFileReference; lastKnownFileType = sourcecode.c.objc; path = AppDelegate.m; sourceTree = "<group>"; };
		8B43991C1D757735003F8DF8 /* ViewController.h */ = {isa = PBXFileReference; lastKnownFileType = sourcecode.c.h; path = ViewController.h; sourceTree = "<group>"; };
		8B43991D1D757735003F8DF8 /* ViewController.m */ = {isa = PBXFileReference; lastKnownFileType = sourcecode.c.objc; path = ViewController.m; sourceTree = "<group>"; };
		8B4399201D757735003F8DF8 /* Base */ = {isa = PBXFileReference; lastKnownFileType = file.storyboard; name = Base; path = Base.lproj/Main.storyboard; sourceTree = "<group>"; };
		8B4399221D757735003F8DF8 /* Assets.xcassets */ = {isa = PBXFileReference; lastKnownFileType = folder.assetcatalog; path = Assets.xcassets; sourceTree = "<group>"; };
		8B4399251D757735003F8DF8 /* Base */ = {isa = PBXFileReference; lastKnownFileType = file.storyboard; name = Base; path = Base.lproj/LaunchScreen.storyboard; sourceTree = "<group>"; };
		8B4399271D757735003F8DF8 /* Info.plist */ = {isa = PBXFileReference; lastKnownFileType = text.plist.xml; path = Info.plist; sourceTree = "<group>"; };
		8B43992C1D757736003F8DF8 /* GetInformationFromPhotoTests.xctest */ = {isa = PBXFileReference; explicitFileType = wrapper.cfbundle; includeInIndex = 0; path = GetInformationFromPhotoTests.xctest; sourceTree = BUILT_PRODUCTS_DIR; };
		8B4399301D757736003F8DF8 /* GetInformationFromPhotoTests.m */ = {isa = PBXFileReference; lastKnownFileType = sourcecode.c.objc; path = GetInformationFromPhotoTests.m; sourceTree = "<group>"; };
		8B4399321D757736003F8DF8 /* Info.plist */ = {isa = PBXFileReference; lastKnownFileType = text.plist.xml; path = Info.plist; sourceTree = "<group>"; };
		8B4399371D757736003F8DF8 /* GetInformationFromPhotoUITests.xctest */ = {isa = PBXFileReference; explicitFileType = wrapper.cfbundle; includeInIndex = 0; path = GetInformationFromPhotoUITests.xctest; sourceTree = BUILT_PRODUCTS_DIR; };
		8B43993B1D757736003F8DF8 /* GetInformationFromPhotoUITests.m */ = {isa = PBXFileReference; lastKnownFileType = sourcecode.c.objc; path = GetInformationFromPhotoUITests.m; sourceTree = "<group>"; };
		8B43993D1D757736003F8DF8 /* Info.plist */ = {isa = PBXFileReference; lastKnownFileType = text.plist.xml; path = Info.plist; sourceTree = "<group>"; };
		8B4399501D757E9B003F8DF8 /* LLHGetImageInfoManager.h */ = {isa = PBXFileReference; fileEncoding = 4; lastKnownFileType = sourcecode.c.h; path = LLHGetImageInfoManager.h; sourceTree = "<group>"; };
		8B4399511D757E9B003F8DF8 /* LLHGetImageInfoManager.m */ = {isa = PBXFileReference; fileEncoding = 4; lastKnownFileType = sourcecode.c.objc; path = LLHGetImageInfoManager.m; sourceTree = "<group>"; };
		8BF5311F1D76CCA600A8B52D /* IMG_0002.JPG */ = {isa = PBXFileReference; lastKnownFileType = image.jpeg; path = IMG_0002.JPG; sourceTree = "<group>"; };
/* End PBXFileReference section */

/* Begin PBXFrameworksBuildPhase section */
		8B4399101D757735003F8DF8 /* Frameworks */ = {
			isa = PBXFrameworksBuildPhase;
			buildActionMask = 2147483647;
			files = (
			);
			runOnlyForDeploymentPostprocessing = 0;
		};
		8B4399291D757736003F8DF8 /* Frameworks */ = {
			isa = PBXFrameworksBuildPhase;
			buildActionMask = 2147483647;
			files = (
			);
			runOnlyForDeploymentPostprocessing = 0;
		};
		8B4399341D757736003F8DF8 /* Frameworks */ = {
			isa = PBXFrameworksBuildPhase;
			buildActionMask = 2147483647;
			files = (
			);
			runOnlyForDeploymentPostprocessing = 0;
		};
/* End PBXFrameworksBuildPhase section */

/* Begin PBXGroup section */
		8B43990A1D757735003F8DF8 = {
			isa = PBXGroup;
			children = (
				8B4399151D757735003F8DF8 /* GetInformationFromPhoto */,
				8B43992F1D757736003F8DF8 /* GetInformationFromPhotoTests */,
				8B43993A1D757736003F8DF8 /* GetInformationFromPhotoUITests */,
				8B4399141D757735003F8DF8 /* Products */,
			);
			sourceTree = "<group>";
		};
		8B4399141D757735003F8DF8 /* Products */ = {
			isa = PBXGroup;
			children = (
				8B4399131D757735003F8DF8 /* GetInformationFromPhoto.app */,
				8B43992C1D757736003F8DF8 /* GetInformationFromPhotoTests.xctest */,
				8B4399371D757736003F8DF8 /* GetInformationFromPhotoUITests.xctest */,
			);
			name = Products;
			sourceTree = "<group>";
		};
		8B4399151D757735003F8DF8 /* GetInformationFromPhoto */ = {
			isa = PBXGroup;
			children = (
				8B4399191D757735003F8DF8 /* AppDelegate.h */,
				8B43991A1D757735003F8DF8 /* AppDelegate.m */,
				8B43991C1D757735003F8DF8 /* ViewController.h */,
				8B43991D1D757735003F8DF8 /* ViewController.m */,
				8BF5311F1D76CCA600A8B52D /* IMG_0002.JPG */,
				8B43994F1D757E8E003F8DF8 /* LLHGetImageInfoManager */,
				8B43991F1D757735003F8DF8 /* Main.storyboard */,
				8B4399221D757735003F8DF8 /* Assets.xcassets */,
				8B4399241D757735003F8DF8 /* LaunchScreen.storyboard */,
				8B4399271D757735003F8DF8 /* Info.plist */,
				8B4399161D757735003F8DF8 /* Supporting Files */,
			);
			path = GetInformationFromPhoto;
			sourceTree = "<group>";
		};
		8B4399161D757735003F8DF8 /* Supporting Files */ = {
			isa = PBXGroup;
			children = (
				8B4399171D757735003F8DF8 /* main.m */,
			);
			name = "Supporting Files";
			sourceTree = "<group>";
		};
		8B43992F1D757736003F8DF8 /* GetInformationFromPhotoTests */ = {
			isa = PBXGroup;
			children = (
				8B4399301D757736003F8DF8 /* GetInformationFromPhotoTests.m */,
				8B4399321D757736003F8DF8 /* Info.plist */,
			);
			path = GetInformationFromPhotoTests;
			sourceTree = "<group>";
		};
		8B43993A1D757736003F8DF8 /* GetInformationFromPhotoUITests */ = {
			isa = PBXGroup;
			children = (
				8B43993B1D757736003F8DF8 /* GetInformationFromPhotoUITests.m */,
				8B43993D1D757736003F8DF8 /* Info.plist */,
			);
			path = GetInformationFromPhotoUITests;
			sourceTree = "<group>";
		};
		8B43994F1D757E8E003F8DF8 /* LLHGetImageInfoManager */ = {
			isa = PBXGroup;
			children = (
				8B4399501D757E9B003F8DF8 /* LLHGetImageInfoManager.h */,
				8B4399511D757E9B003F8DF8 /* LLHGetImageInfoManager.m */,
			);
			path = LLHGetImageInfoManager;
			sourceTree = "<group>";
		};
/* End PBXGroup section */

/* Begin PBXNativeTarget section */
		8B4399121D757735003F8DF8 /* GetInformationFromPhoto */ = {
			isa = PBXNativeTarget;
			buildConfigurationList = 8B4399401D757736003F8DF8 /* Build configuration list for PBXNativeTarget "GetInformationFromPhoto" */;
			buildPhases = (
				8B43990F1D757735003F8DF8 /* Sources */,
				8B4399101D757735003F8DF8 /* Frameworks */,
				8B4399111D757735003F8DF8 /* Resources */,
			);
			buildRules = (
			);
			dependencies = (
			);
			name = GetInformationFromPhoto;
			productName = GetInformationFromPhoto;
			productReference = 8B4399131D757735003F8DF8 /* GetInformationFromPhoto.app */;
			productType = "com.apple.product-type.application";
		};
		8B43992B1D757736003F8DF8 /* GetInformationFromPhotoTests */ = {
			isa = PBXNativeTarget;
			buildConfigurationList = 8B4399431D757736003F8DF8 /* Build configuration list for PBXNativeTarget "GetInformationFromPhotoTests" */;
			buildPhases = (
				8B4399281D757736003F8DF8 /* Sources */,
				8B4399291D757736003F8DF8 /* Frameworks */,
				8B43992A1D757736003F8DF8 /* Resources */,
			);
			buildRules = (
			);
			dependencies = (
				8B43992E1D757736003F8DF8 /* PBXTargetDependency */,
			);
			name = GetInformationFromPhotoTests;
			productName = GetInformationFromPhotoTests;
			productReference = 8B43992C1D757736003F8DF8 /* GetInformationFromPhotoTests.xctest */;
			productType = "com.apple.product-type.bundle.unit-test";
		};
		8B4399361D757736003F8DF8 /* GetInformationFromPhotoUITests */ = {
			isa = PBXNativeTarget;
			buildConfigurationList = 8B4399461D757736003F8DF8 /* Build configuration list for PBXNativeTarget "GetInformationFromPhotoUITests" */;
			buildPhases = (
				8B4399331D757736003F8DF8 /* Sources */,
				8B4399341D757736003F8DF8 /* Frameworks */,
				8B4399351D757736003F8DF8 /* Resources */,
			);
			buildRules = (
			);
			dependencies = (
				8B4399391D757736003F8DF8 /* PBXTargetDependency */,
			);
			name = GetInformationFromPhotoUITests;
			productName = GetInformationFromPhotoUITests;
			productReference = 8B4399371D757736003F8DF8 /* GetInformationFromPhotoUITests.xctest */;
			productType = "com.apple.product-type.bundle.ui-testing";
		};
/* End PBXNativeTarget section */

/* Begin PBXProject section */
		8B43990B1D757735003F8DF8 /* Project object */ = {
			isa = PBXProject;
			attributes = {
				LastUpgradeCheck = 0730;
				ORGANIZATIONNAME = LLH;
				TargetAttributes = {
					8B4399121D757735003F8DF8 = {
						CreatedOnToolsVersion = 7.3.1;
					};
					8B43992B1D757736003F8DF8 = {
						CreatedOnToolsVersion = 7.3.1;
						TestTargetID = 8B4399121D757735003F8DF8;
					};
					8B4399361D757736003F8DF8 = {
						CreatedOnToolsVersion = 7.3.1;
						TestTargetID = 8B4399121D757735003F8DF8;
					};
				};
			};
			buildConfigurationList = 8B43990E1D757735003F8DF8 /* Build configuration list for PBXProject "GetInformationFromPhoto" */;
			compatibilityVersion = "Xcode 3.2";
			developmentRegion = English;
			hasScannedForEncodings = 0;
			knownRegions = (
				en,
				Base,
			);
			mainGroup = 8B43990A1D757735003F8DF8;
			productRefGroup = 8B4399141D757735003F8DF8 /* Products */;
			projectDirPath = "";
			projectRoot = "";
			targets = (
				8B4399121D757735003F8DF8 /* GetInformationFromPhoto */,
				8B43992B1D757736003F8DF8 /* GetInformationFromPhotoTests */,
				8B4399361D757736003F8DF8 /* GetInformationFromPhotoUITests */,
			);
		};
/* End PBXProject section */

/* Begin PBXResourcesBuildPhase section */
		8B4399111D757735003F8DF8 /* Resources */ = {
			isa = PBXResourcesBuildPhase;
			buildActionMask = 2147483647;
			files = (
				8B4399261D757735003F8DF8 /* LaunchScreen.storyboard in Resources */,
				8B4399231D757735003F8DF8 /* Assets.xcassets in Resources */,
				8BF531201D76CCA600A8B52D /* IMG_0002.JPG in Resources */,
				8B4399211D757735003F8DF8 /* Main.storyboard in Resources */,
			);
			runOnlyForDeploymentPostprocessing = 0;
		};
		8B43992A1D757736003F8DF8 /* Resources */ = {
			isa = PBXResourcesBuildPhase;
			buildActionMask = 2147483647;
			files = (
			);
			runOnlyForDeploymentPostprocessing = 0;
		};
		8B4399351D757736003F8DF8 /* Resources */ = {
			isa = PBXResourcesBuildPhase;
			buildActionMask = 2147483647;
			files = (
			);
			runOnlyForDeploymentPostprocessing = 0;
		};
/* End PBXResourcesBuildPhase section */

/* Begin PBXSourcesBuildPhase section */
		8B43990F1D757735003F8DF8 /* Sources */ = {
			isa = PBXSourcesBuildPhase;
			buildActionMask = 2147483647;
			files = (
				8B43991E1D757735003F8DF8 /* ViewController.m in Sources */,
				8B4399521D757E9B003F8DF8 /* LLHGetImageInfoManager.m in Sources */,
				8B43991B1D757735003F8DF8 /* AppDelegate.m in Sources */,
				8B4399181D757735003F8DF8 /* main.m in Sources */,
			);
			runOnlyForDeploymentPostprocessing = 0;
		};
		8B4399281D757736003F8DF8 /* Sources */ = {
			isa = PBXSourcesBuildPhase;
			buildActionMask = 2147483647;
			files = (
				8B4399311D757736003F8DF8 /* GetInformationFromPhotoTests.m in Sources */,
			);
			runOnlyForDeploymentPostprocessing = 0;
		};
		8B4399331D757736003F8DF8 /* Sources */ = {
			isa = PBXSourcesBuildPhase;
			buildActionMask = 2147483647;
			files = (
				8B43993C1D757736003F8DF8 /* GetInformationFromPhotoUITests.m in Sources */,
			);
			runOnlyForDeploymentPostprocessing = 0;
		};
/* End PBXSourcesBuildPhase section */

/* Begin PBXTargetDependency section */
		8B43992E1D757736003F8DF8 /* PBXTargetDependency */ = {
			isa = PBXTargetDependency;
			target = 8B4399121D757735003F8DF8 /* GetInformationFromPhoto */;
			targetProxy = 8B43992D1D757736003F8DF8 /* PBXContainerItemProxy */;
		};
		8B4399391D757736003F8DF8 /* PBXTargetDependency */ = {
			isa = PBXTargetDependency;
			target = 8B4399121D757735003F8DF8 /* GetInformationFromPhoto */;
			targetProxy = 8B4399381D757736003F8DF8 /* PBXContainerItemProxy */;
		};
/* End PBXTargetDependency section */

/* Begin PBXVariantGroup section */
		8B43991F1D757735003F8DF8 /* Main.storyboard */ = {
			isa = PBXVariantGroup;
			children = (
				8B4399201D757735003F8DF8 /* Base */,
			);
			name = Main.storyboard;
			sourceTree = "<group>";
		};
		8B4399241D757735003F8DF8 /* LaunchScreen.storyboard */ = {
			isa = PBXVariantGroup;
			children = (
				8B4399251D757735003F8DF8 /* Base */,
			);
			name = LaunchScreen.storyboard;
			sourceTree = "<group>";
		};
/* End PBXVariantGroup section */

/* Begin XCBuildConfiguration section */
		8B43993E1D757736003F8DF8 /* Debug */ = {
			isa = XCBuildConfiguration;
			buildSettings = {
				ALWAYS_SEARCH_USER_PATHS = NO;
				CLANG_ANALYZER_NONNULL = YES;
				CLANG_CXX_LANGUAGE_STANDARD = "gnu++0x";
				CLANG_CXX_LIBRARY = "libc++";
				CLANG_ENABLE_MODULES = YES;
				CLANG_ENABLE_OBJC_ARC = YES;
				CLANG_WARN_BOOL_CONVERSION = YES;
				CLANG_WARN_CONSTANT_CONVERSION = YES;
				CLANG_WARN_DIRECT_OBJC_ISA_USAGE = YES_ERROR;
				CLANG_WARN_EMPTY_BODY = YES;
				CLANG_WARN_ENUM_CONVERSION = YES;
				CLANG_WARN_INT_CONVERSION = YES;
				CLANG_WARN_OBJC_ROOT_CLASS = YES_ERROR;
				CLANG_WARN_UNREACHABLE_CODE = YES;
				CLANG_WARN__DUPLICATE_METHOD_MATCH = YES;
				"CODE_SIGN_IDENTITY[sdk=iphoneos*]" = "iPhone Developer";
				COPY_PHASE_STRIP = NO;
				DEBUG_INFORMATION_FORMAT = dwarf;
				ENABLE_STRICT_OBJC_MSGSEND = YES;
				ENABLE_TESTABILITY = YES;
				GCC_C_LANGUAGE_STANDARD = gnu99;
				GCC_DYNAMIC_NO_PIC = NO;
				GCC_NO_COMMON_BLOCKS = YES;
				GCC_OPTIMIZATION_LEVEL = 0;
				GCC_PREPROCESSOR_DEFINITIONS = (
					"DEBUG=1",
					"$(inherited)",
				);
				GCC_WARN_64_TO_32_BIT_CONVERSION = YES;
				GCC_WARN_ABOUT_RETURN_TYPE = YES_ERROR;
				GCC_WARN_UNDECLARED_SELECTOR = YES;
				GCC_WARN_UNINITIALIZED_AUTOS = YES_AGGRESSIVE;
				GCC_WARN_UNUSED_FUNCTION = YES;
				GCC_WARN_UNUSED_VARIABLE = YES;
				IPHONEOS_DEPLOYMENT_TARGET = 9.3;
				MTL_ENABLE_DEBUG_INFO = YES;
				ONLY_ACTIVE_ARCH = YES;
				SDKROOT = iphoneos;
				TARGETED_DEVICE_FAMILY = "1,2";
			};
			name = Debug;
		};
		8B43993F1D757736003F8DF8 /* Release */ = {
			isa = XCBuildConfiguration;
			buildSettings = {
				ALWAYS_SEARCH_USER_PATHS = NO;
				CLANG_ANALYZER_NONNULL = YES;
				CLANG_CXX_LANGUAGE_STANDARD = "gnu++0x";
				CLANG_CXX_LIBRARY = "libc++";
				CLANG_ENABLE_MODULES = YES;
				CLANG_ENABLE_OBJC_ARC = YES;
				CLANG_WARN_BOOL_CONVERSION = YES;
				CLANG_WARN_CONSTANT_CONVERSION = YES;
				CLANG_WARN_DIRECT_OBJC_ISA_USAGE = YES_ERROR;
				CLANG_WARN_EMPTY_BODY = YES;
				CLANG_WARN_ENUM_CONVERSION = YES;
				CLANG_WARN_INT_CONVERSION = YES;
				CLANG_WARN_OBJC_ROOT_CLASS = YES_ERROR;
				CLANG_WARN_UNREACHABLE_CODE = YES;
				CLANG_WARN__DUPLICATE_METHOD_MATCH = YES;
				"CODE_SIGN_IDENTITY[sdk=iphoneos*]" = "iPhone Developer";
				COPY_PHASE_STRIP = NO;
				DEBUG_INFORMATION_FORMAT = "dwarf-with-dsym";
				ENABLE_NS_ASSERTIONS = NO;
				ENABLE_STRICT_OBJC_MSGSEND = YES;
				GCC_C_LANGUAGE_STANDARD = gnu99;
				GCC_NO_COMMON_BLOCKS = YES;
				GCC_WARN_64_TO_32_BIT_CONVERSION = YES;
				GCC_WARN_ABOUT_RETURN_TYPE = YES_ERROR;
				GCC_WARN_UNDECLARED_SELECTOR = YES;
				GCC_WARN_UNINITIALIZED_AUTOS = YES_AGGRESSIVE;
				GCC_WARN_UNUSED_FUNCTION = YES;
				GCC_WARN_UNUSED_VARIABLE = YES;
				IPHONEOS_DEPLOYMENT_TARGET = 9.3;
				MTL_ENABLE_DEBUG_INFO = NO;
				SDKROOT = iphoneos;
				TARGETED_DEVICE_FAMILY = "1,2";
				VALIDATE_PRODUCT = YES;
			};
			name = Release;
		};
		8B4399411D757736003F8DF8 /* Debug */ = {
			isa = XCBuildConfiguration;
			buildSettings = {
				ASSETCATALOG_COMPILER_APPICON_NAME = AppIcon;
				INFOPLIST_FILE = GetInformationFromPhoto/Info.plist;
				IPHONEOS_DEPLOYMENT_TARGET = 8.0;
				LD_RUNPATH_SEARCH_PATHS = "$(inherited) @executable_path/Frameworks";
				PRODUCT_BUNDLE_IDENTIFIER = iOS.GetInformationFromPhoto;
				PRODUCT_NAME = "$(TARGET_NAME)";
			};
			name = Debug;
		};
		8B4399421D757736003F8DF8 /* Release */ = {
			isa = XCBuildConfiguration;
			buildSettings = {
				ASSETCATALOG_COMPILER_APPICON_NAME = AppIcon;
				INFOPLIST_FILE = GetInformationFromPhoto/Info.plist;
				IPHONEOS_DEPLOYMENT_TARGET = 8.0;
				LD_RUNPATH_SEARCH_PATHS = "$(inherited) @executable_path/Frameworks";
				PRODUCT_BUNDLE_IDENTIFIER = iOS.GetInformationFromPhoto;
				PRODUCT_NAME = "$(TARGET_NAME)";
			};
			name = Release;
		};
		8B4399441D757736003F8DF8 /* Debug */ = {
			isa = XCBuildConfiguration;
			buildSettings = {
				BUNDLE_LOADER = "$(TEST_HOST)";
				INFOPLIST_FILE = GetInformationFromPhotoTests/Info.plist;
				LD_RUNPATH_SEARCH_PATHS = "$(inherited) @executable_path/Frameworks @loader_path/Frameworks";
				PRODUCT_BUNDLE_IDENTIFIER = iOS.GetInformationFromPhotoTests;
				PRODUCT_NAME = "$(TARGET_NAME)";
				TEST_HOST = "$(BUILT_PRODUCTS_DIR)/GetInformationFromPhoto.app/GetInformationFromPhoto";
			};
			name = Debug;
		};
		8B4399451D757736003F8DF8 /* Release */ = {
			isa = XCBuildConfiguration;
			buildSettings = {
				BUNDLE_LOADER = "$(TEST_HOST)";
				INFOPLIST_FILE = GetInformationFromPhotoTests/Info.plist;
				LD_RUNPATH_SEARCH_PATHS = "$(inherited) @executable_path/Frameworks @loader_path/Frameworks";
				PRODUCT_BUNDLE_IDENTIFIER = iOS.GetInformationFromPhotoTests;
				PRODUCT_NAME = "$(TARGET_NAME)";
				TEST_HOST = "$(BUILT_PRODUCTS_DIR)/GetInformationFromPhoto.app/GetInformationFromPhoto";
			};
			name = Release;
		};
		8B4399471D757736003F8DF8 /* Debug */ = {
			isa = XCBuildConfiguration;
			buildSettings = {
				INFOPLIST_FILE = GetInformationFromPhotoUITests/Info.plist;
				LD_RUNPATH_SEARCH_PATHS = "$(inherited) @executable_path/Frameworks @loader_path/Frameworks";
				PRODUCT_BUNDLE_IDENTIFIER = iOS.GetInformationFromPhotoUITests;
				PRODUCT_NAME = "$(TARGET_NAME)";
				TEST_TARGET_NAME = GetInformationFromPhoto;
			};
			name = Debug;
		};
		8B4399481D757736003F8DF8 /* Release */ = {
			isa = XCBuildConfiguration;
			buildSettings = {
				INFOPLIST_FILE = GetInformationFromPhotoUITests/Info.plist;
				LD_RUNPATH_SEARCH_PATHS = "$(inherited) @executable_path/Frameworks @loader_path/Frameworks";
				PRODUCT_BUNDLE_IDENTIFIER = iOS.GetInformationFromPhotoUITests;
				PRODUCT_NAME = "$(TARGET_NAME)";
				TEST_TARGET_NAME = GetInformationFromPhoto;
			};
			name = Release;
		};
/* End XCBuildConfiguration section */

/* Begin XCConfigurationList section */
		8B43990E1D757735003F8DF8 /* Build configuration list for PBXProject "GetInformationFromPhoto" */ = {
			isa = XCConfigurationList;
			buildConfigurations = (
				8B43993E1D757736003F8DF8 /* Debug */,
				8B43993F1D757736003F8DF8 /* Release */,
			);
			defaultConfigurationIsVisible = 0;
			defaultConfigurationName = Release;
		};
		8B4399401D757736003F8DF8 /* Build configuration list for PBXNativeTarget "GetInformationFromPhoto" */ = {
			isa = XCConfigurationList;
			buildConfigurations = (
				8B4399411D757736003F8DF8 /* Debug */,
				8B4399421D757736003F8DF8 /* Release */,
			);
			defaultConfigurationIsVisible = 0;
			defaultConfigurationName = Release;
		};
		8B4399431D757736003F8DF8 /* Build configuration list for PBXNativeTarget "GetInformationFromPhotoTests" */ = {
			isa = XCConfigurationList;
			buildConfigurations = (
				8B4399441D757736003F8DF8 /* Debug */,
				8B4399451D757736003F8DF8 /* Release */,
			);
			defaultConfigurationIsVisible = 0;
			defaultConfigurationName = Release;
		};
		8B4399461D757736003F8DF8 /* Build configuration list for PBXNativeTarget "GetInformationFromPhotoUITests" */ = {
			isa = XCConfigurationList;
			buildConfigurations = (
				8B4399471D757736003F8DF8 /* Debug */,
				8B4399481D757736003F8DF8 /* Release */,
			);
			defaultConfigurationIsVisible = 0;
			defaultConfigurationName = Release;
		};
/* End XCConfigurationList section */
	};
	rootObject = 8B43990B1D757735003F8DF8 /* Project object */;
}
